
Microsoft Visual Studio Solution File, Format Version 12.00
# Visual Studio 15
VisualStudioVersion = 15.0.28307.645
MinimumVisualStudioVersion = 10.0.40219.1
Project("{2150E333-8FDC-42A3-9474-1A3956D46DE8}") = "Execise", "Execise", "{FCBE1671-3EC5-4995-9225-E5EA289DC5E6}"
EndProject
Project("{9A19103F-16F7-4668-BE54-9A1E7A4F7556}") = "Problem 1. Even Lines", "Problem 1. Even Lines\Problem 1. Even Lines.csproj", "{04F2EA48-5117-4650-89CF-05C04902B779}"
EndProject
Project("{9A19103F-16F7-4668-BE54-9A1E7A4F7556}") = "Problem 2. Line Numbers", "Problem 2. Line Numbers\Problem 2. Line Numbers.csproj", "{4F6C572D-0F96-48A5-B092-42D8F4E3ACB3}"
EndProject
Project("{9A19103F-16F7-4668-BE54-9A1E7A4F7556}") = "Problem 3. Word Count", "Problem 3. Word Count\Problem 3. Word Count.csproj", "{B3B885B6-855A-46A1-BD60-867781F4CC14}"
EndProject
Project("{9A19103F-16F7-4668-BE54-9A1E7A4F7556}") = "Problem 4. Copy Binary File", "Problem 4. Copy Binary File\Problem 4. Copy Binary File.csproj", "{6E4AFAFA-7095-497F-A96E-B30146445DD1}"
EndProject
Project("{FAE04EC0-301F-11D3-BF4B-00C04F79EFBC}") = "Problem 5. Directory Traversal", "Problem 5. Directory Traversal\Problem 5. Directory Traversal.csproj", "{B08765F6-AD82-490A-AA96-AD3F4DF629E8}"
EndProject
Project("{FAE04EC0-301F-11D3-BF4B-00C04F79EFBC}") = "Problem 6. Zip and Extract", "Problem 6. Zip and Extract\Problem 6. Zip and Extract.csproj", "{E1E61C55-EFBE-4131-BB61-AAA197426C2B}"
EndProject
Global
	GlobalSection(SolutionConfigurationPlatforms) = preSolution
		Debug|Any CPU = Debug|Any CPU
		Release|Any CPU = Release|Any CPU
	EndGlobalSection
	GlobalSection(ProjectConfigurationPlatforms) = postSolution
		{04F2EA48-5117-4650-89CF-05C04902B779}.Debug|Any CPU.ActiveCfg = Debug|Any CPU
		{04F2EA48-5117-4650-89CF-05C04902B779}.Debug|Any CPU.Build.0 = Debug|Any CPU
		{04F2EA48-5117-4650-89CF-05C04902B779}.Release|Any CPU.ActiveCfg = Release|Any CPU
		{04F2EA48-5117-4650-89CF-05C04902B779}.Release|Any CPU.Build.0 = Release|Any CPU
		{4F6C572D-0F96-48A5-B092-42D8F4E3ACB3}.Debug|Any CPU.ActiveCfg = Debug|Any CPU
		{4F6C572D-0F96-48A5-B092-42D8F4E3ACB3}.Debug|Any CPU.Build.0 = Debug|Any CPU
		{4F6C572D-0F96-48A5-B092-42D8F4E3ACB3}.Release|Any CPU.ActiveCfg = Release|Any CPU
		{4F6C572D-0F96-48A5-B092-42D8F4E3ACB3}.Release|Any CPU.Build.0 = Release|Any CPU
		{B3B885B6-855A-46A1-BD60-867781F4CC14}.Debug|Any CPU.ActiveCfg = Debug|Any CPU
		{B3B885B6-855A-46A1-BD60-867781F4CC14}.Debug|Any CPU.Build.0 = Debug|Any CPU
		{B3B885B6-855A-46A1-BD60-867781F4CC14}.Release|Any CPU.ActiveCfg = Release|Any CPU
		{B3B885B6-855A-46A1-BD60-867781F4CC14}.Release|Any CPU.Build.0 = Release|Any CPU
		{6E4AFAFA-7095-497F-A96E-B30146445DD1}.Debug|Any CPU.ActiveCfg = Debug|Any CPU
		{6E4AFAFA-7095-497F-A96E-B30146445DD1}.Debug|Any CPU.Build.0 = Debug|Any CPU
		{6E4AFAFA-7095-497F-A96E-B30146445DD1}.Release|Any CPU.ActiveCfg = Release|Any CPU
		{6E4AFAFA-7095-497F-A96E-B30146445DD1}.Release|Any CPU.Build.0 = Release|Any CPU
		{B08765F6-AD82-490A-AA96-AD3F4DF629E8}.Debug|Any CPU.ActiveCfg = Debug|Any CPU
		{B08765F6-AD82-490A-AA96-AD3F4DF629E8}.Debug|Any CPU.Build.0 = Debug|Any CPU
		{B08765F6-AD82-490A-AA96-AD3F4DF629E8}.Release|Any CPU.ActiveCfg = Release|Any CPU
		{B08765F6-AD82-490A-AA96-AD3F4DF629E8}.Release|Any CPU.Build.0 = Release|Any CPU
		{E1E61C55-EFBE-4131-BB61-AAA197426C2B}.Debug|Any CPU.ActiveCfg = Debug|Any CPU
		{E1E61C55-EFBE-4131-BB61-AAA197426C2B}.Debug|Any CPU.Build.0 = Debug|Any CPU
		{E1E61C55-EFBE-4131-BB61-AAA197426C2B}.Release|Any CPU.ActiveCfg = Release|Any CPU
		{E1E61C55-EFBE-4131-BB61-AAA197426C2B}.Release|Any CPU.Build.0 = Release|Any CPU
	EndGlobalSection
	GlobalSection(SolutionProperties) = preSolution
		HideSolutionNode = FALSE
	EndGlobalSection
	GlobalSection(NestedProjects) = preSolution
		{04F2EA48-5117-4650-89CF-05C04902B779} = {FCBE1671-3EC5-4995-9225-E5EA289DC5E6}
		{4F6C572D-0F96-48A5-B092-42D8F4E3ACB3} = {FCBE1671-3EC5-4995-9225-E5EA289DC5E6}
		{B3B885B6-855A-46A1-BD60-867781F4CC14} = {FCBE1671-3EC5-4995-9225-E5EA289DC5E6}
		{6E4AFAFA-7095-497F-A96E-B30146445DD1} = {FCBE1671-3EC5-4995-9225-E5EA289DC5E6}
		{B08765F6-AD82-490A-AA96-AD3F4DF629E8} = {FCBE1671-3EC5-4995-9225-E5EA289DC5E6}
		{E1E61C55-EFBE-4131-BB61-AAA197426C2B} = {FCBE1671-3EC5-4995-9225-E5EA289DC5E6}
	EndGlobalSection
	GlobalSection(ExtensibilityGlobals) = postSolution
		SolutionGuid = {CD23D741-7572-483A-88FA-A2CCCF947081}
	EndGlobalSection
EndGlobal
