
Microsoft Visual Studio Solution File, Format Version 12.00
# Visual Studio 15
VisualStudioVersion = 15.0.28307.572
MinimumVisualStudioVersion = 10.0.40219.1
Project("{2150E333-8FDC-42A3-9474-1A3956D46DE8}") = "EXERCISE", "EXERCISE", "{92154BF6-667F-428D-9DF4-3A0EEB2C77D9}"
EndProject
Project("{9A19103F-16F7-4668-BE54-9A1E7A4F7556}") = "01. Basic Stack Operations", "01. Basic Stack Operations\01. Basic Stack Operations.csproj", "{60A0F56D-C381-4BDB-80F2-32FB1C6BEDC2}"
EndProject
Project("{2150E333-8FDC-42A3-9474-1A3956D46DE8}") = "LAB", "LAB", "{91BB6295-DEAC-499B-85C2-CD6EC440A0BB}"
EndProject
Project("{9A19103F-16F7-4668-BE54-9A1E7A4F7556}") = "1. Reverse Strings", "1. Reverse Strings\1. Reverse Strings.csproj", "{D322B69E-1A78-4B5F-9817-0337FB201FDA}"
EndProject
Project("{9A19103F-16F7-4668-BE54-9A1E7A4F7556}") = "2. Stack Sum", "2. Stack Sum\2. Stack Sum.csproj", "{F4A1A48D-5E07-4821-98B0-B1FE448A844A}"
EndProject
Project("{9A19103F-16F7-4668-BE54-9A1E7A4F7556}") = "3. Simple Calculator", "3. Simple Calculator\3. Simple Calculator.csproj", "{949CF1C2-4DE1-4A96-B0F7-78ACE98BB29C}"
EndProject
Project("{9A19103F-16F7-4668-BE54-9A1E7A4F7556}") = "4. Matching Brackets", "4. Matching Brackets\4. Matching Brackets.csproj", "{D22A7A3B-E8F9-4B82-94EE-F7636F5DCCF3}"
EndProject
Project("{9A19103F-16F7-4668-BE54-9A1E7A4F7556}") = "5. Supermarket", "5. Supermarket\5. Supermarket.csproj", "{5CAE34A9-3C79-4FB1-B25A-06F738B46F62}"
EndProject
Project("{9A19103F-16F7-4668-BE54-9A1E7A4F7556}") = "6. Hot Potato", "6. Hot Potato\6. Hot Potato.csproj", "{A154990A-B9C6-495D-A4E1-09DAA971C95C}"
EndProject
Project("{9A19103F-16F7-4668-BE54-9A1E7A4F7556}") = "7. Traffic Jam", "7. Traffic Jam\7. Traffic Jam.csproj", "{FC41C84F-A188-4F75-AE2B-76882B31AB39}"
EndProject
Project("{9A19103F-16F7-4668-BE54-9A1E7A4F7556}") = "02. Basic Queue Operations", "02. Basic Queue Operations\02. Basic Queue Operations.csproj", "{786AD756-2AD7-404C-A88B-1A0BAD0F80F0}"
EndProject
Project("{9A19103F-16F7-4668-BE54-9A1E7A4F7556}") = "03. Maximum and Minimum Element", "03. Maximum and Minimum Element\03. Maximum and Minimum Element.csproj", "{98ECB1C6-B2E3-4A8F-A20D-83C0F4497BF5}"
EndProject
Project("{9A19103F-16F7-4668-BE54-9A1E7A4F7556}") = "04. Fast Food", "04. Fast Food\04. Fast Food.csproj", "{FDD2EAE9-57FF-43C9-AA11-7357A5317DCC}"
EndProject
Project("{9A19103F-16F7-4668-BE54-9A1E7A4F7556}") = "05. Fashion Boutique", "05. Fashion Boutique\05. Fashion Boutique.csproj", "{2ED45790-FD95-482A-9230-8922B6E85F83}"
EndProject
Project("{9A19103F-16F7-4668-BE54-9A1E7A4F7556}") = "06. Auto Repair and Service", "06. Auto Repair and Service\06. Auto Repair and Service.csproj", "{724481CD-37D9-4ACC-8312-46D9A3053A79}"
EndProject
Project("{9A19103F-16F7-4668-BE54-9A1E7A4F7556}") = "07. Truck Tour", "07. Truck Tour\07. Truck Tour.csproj", "{A7FB4F68-D314-499C-9E7A-4A5184870FA3}"
EndProject
Project("{9A19103F-16F7-4668-BE54-9A1E7A4F7556}") = "08. Balanced Parenthesis", "08. Balanced Parenthesis\08. Balanced Parenthesis.csproj", "{2B1CC7D3-5869-4EE6-B0C4-97CB43878A63}"
EndProject
Project("{9A19103F-16F7-4668-BE54-9A1E7A4F7556}") = "09. Simple Text Editor", "09. Simple Text Editor\09. Simple Text Editor.csproj", "{7E221EBC-BEB0-4E33-94C0-3B715E3555EE}"
EndProject
Project("{9A19103F-16F7-4668-BE54-9A1E7A4F7556}") = "11. Key Revolver", "11. Key Revolver\11. Key Revolver.csproj", "{39DDA977-A964-4FA5-9F10-3E533981CF48}"
EndProject
Global
	GlobalSection(SolutionConfigurationPlatforms) = preSolution
		Debug|Any CPU = Debug|Any CPU
		Release|Any CPU = Release|Any CPU
	EndGlobalSection
	GlobalSection(ProjectConfigurationPlatforms) = postSolution
		{60A0F56D-C381-4BDB-80F2-32FB1C6BEDC2}.Debug|Any CPU.ActiveCfg = Debug|Any CPU
		{60A0F56D-C381-4BDB-80F2-32FB1C6BEDC2}.Debug|Any CPU.Build.0 = Debug|Any CPU
		{60A0F56D-C381-4BDB-80F2-32FB1C6BEDC2}.Release|Any CPU.ActiveCfg = Release|Any CPU
		{60A0F56D-C381-4BDB-80F2-32FB1C6BEDC2}.Release|Any CPU.Build.0 = Release|Any CPU
		{D322B69E-1A78-4B5F-9817-0337FB201FDA}.Debug|Any CPU.ActiveCfg = Debug|Any CPU
		{D322B69E-1A78-4B5F-9817-0337FB201FDA}.Debug|Any CPU.Build.0 = Debug|Any CPU
		{D322B69E-1A78-4B5F-9817-0337FB201FDA}.Release|Any CPU.ActiveCfg = Release|Any CPU
		{D322B69E-1A78-4B5F-9817-0337FB201FDA}.Release|Any CPU.Build.0 = Release|Any CPU
		{F4A1A48D-5E07-4821-98B0-B1FE448A844A}.Debug|Any CPU.ActiveCfg = Debug|Any CPU
		{F4A1A48D-5E07-4821-98B0-B1FE448A844A}.Debug|Any CPU.Build.0 = Debug|Any CPU
		{F4A1A48D-5E07-4821-98B0-B1FE448A844A}.Release|Any CPU.ActiveCfg = Release|Any CPU
		{F4A1A48D-5E07-4821-98B0-B1FE448A844A}.Release|Any CPU.Build.0 = Release|Any CPU
		{949CF1C2-4DE1-4A96-B0F7-78ACE98BB29C}.Debug|Any CPU.ActiveCfg = Debug|Any CPU
		{949CF1C2-4DE1-4A96-B0F7-78ACE98BB29C}.Debug|Any CPU.Build.0 = Debug|Any CPU
		{949CF1C2-4DE1-4A96-B0F7-78ACE98BB29C}.Release|Any CPU.ActiveCfg = Release|Any CPU
		{949CF1C2-4DE1-4A96-B0F7-78ACE98BB29C}.Release|Any CPU.Build.0 = Release|Any CPU
		{D22A7A3B-E8F9-4B82-94EE-F7636F5DCCF3}.Debug|Any CPU.ActiveCfg = Debug|Any CPU
		{D22A7A3B-E8F9-4B82-94EE-F7636F5DCCF3}.Debug|Any CPU.Build.0 = Debug|Any CPU
		{D22A7A3B-E8F9-4B82-94EE-F7636F5DCCF3}.Release|Any CPU.ActiveCfg = Release|Any CPU
		{D22A7A3B-E8F9-4B82-94EE-F7636F5DCCF3}.Release|Any CPU.Build.0 = Release|Any CPU
		{5CAE34A9-3C79-4FB1-B25A-06F738B46F62}.Debug|Any CPU.ActiveCfg = Debug|Any CPU
		{5CAE34A9-3C79-4FB1-B25A-06F738B46F62}.Debug|Any CPU.Build.0 = Debug|Any CPU
		{5CAE34A9-3C79-4FB1-B25A-06F738B46F62}.Release|Any CPU.ActiveCfg = Release|Any CPU
		{5CAE34A9-3C79-4FB1-B25A-06F738B46F62}.Release|Any CPU.Build.0 = Release|Any CPU
		{A154990A-B9C6-495D-A4E1-09DAA971C95C}.Debug|Any CPU.ActiveCfg = Debug|Any CPU
		{A154990A-B9C6-495D-A4E1-09DAA971C95C}.Debug|Any CPU.Build.0 = Debug|Any CPU
		{A154990A-B9C6-495D-A4E1-09DAA971C95C}.Release|Any CPU.ActiveCfg = Release|Any CPU
		{A154990A-B9C6-495D-A4E1-09DAA971C95C}.Release|Any CPU.Build.0 = Release|Any CPU
		{FC41C84F-A188-4F75-AE2B-76882B31AB39}.Debug|Any CPU.ActiveCfg = Debug|Any CPU
		{FC41C84F-A188-4F75-AE2B-76882B31AB39}.Debug|Any CPU.Build.0 = Debug|Any CPU
		{FC41C84F-A188-4F75-AE2B-76882B31AB39}.Release|Any CPU.ActiveCfg = Release|Any CPU
		{FC41C84F-A188-4F75-AE2B-76882B31AB39}.Release|Any CPU.Build.0 = Release|Any CPU
		{786AD756-2AD7-404C-A88B-1A0BAD0F80F0}.Debug|Any CPU.ActiveCfg = Debug|Any CPU
		{786AD756-2AD7-404C-A88B-1A0BAD0F80F0}.Debug|Any CPU.Build.0 = Debug|Any CPU
		{786AD756-2AD7-404C-A88B-1A0BAD0F80F0}.Release|Any CPU.ActiveCfg = Release|Any CPU
		{786AD756-2AD7-404C-A88B-1A0BAD0F80F0}.Release|Any CPU.Build.0 = Release|Any CPU
		{98ECB1C6-B2E3-4A8F-A20D-83C0F4497BF5}.Debug|Any CPU.ActiveCfg = Debug|Any CPU
		{98ECB1C6-B2E3-4A8F-A20D-83C0F4497BF5}.Debug|Any CPU.Build.0 = Debug|Any CPU
		{98ECB1C6-B2E3-4A8F-A20D-83C0F4497BF5}.Release|Any CPU.ActiveCfg = Release|Any CPU
		{98ECB1C6-B2E3-4A8F-A20D-83C0F4497BF5}.Release|Any CPU.Build.0 = Release|Any CPU
		{FDD2EAE9-57FF-43C9-AA11-7357A5317DCC}.Debug|Any CPU.ActiveCfg = Debug|Any CPU
		{FDD2EAE9-57FF-43C9-AA11-7357A5317DCC}.Debug|Any CPU.Build.0 = Debug|Any CPU
		{FDD2EAE9-57FF-43C9-AA11-7357A5317DCC}.Release|Any CPU.ActiveCfg = Release|Any CPU
		{FDD2EAE9-57FF-43C9-AA11-7357A5317DCC}.Release|Any CPU.Build.0 = Release|Any CPU
		{2ED45790-FD95-482A-9230-8922B6E85F83}.Debug|Any CPU.ActiveCfg = Debug|Any CPU
		{2ED45790-FD95-482A-9230-8922B6E85F83}.Debug|Any CPU.Build.0 = Debug|Any CPU
		{2ED45790-FD95-482A-9230-8922B6E85F83}.Release|Any CPU.ActiveCfg = Release|Any CPU
		{2ED45790-FD95-482A-9230-8922B6E85F83}.Release|Any CPU.Build.0 = Release|Any CPU
		{724481CD-37D9-4ACC-8312-46D9A3053A79}.Debug|Any CPU.ActiveCfg = Debug|Any CPU
		{724481CD-37D9-4ACC-8312-46D9A3053A79}.Debug|Any CPU.Build.0 = Debug|Any CPU
		{724481CD-37D9-4ACC-8312-46D9A3053A79}.Release|Any CPU.ActiveCfg = Release|Any CPU
		{724481CD-37D9-4ACC-8312-46D9A3053A79}.Release|Any CPU.Build.0 = Release|Any CPU
		{A7FB4F68-D314-499C-9E7A-4A5184870FA3}.Debug|Any CPU.ActiveCfg = Debug|Any CPU
		{A7FB4F68-D314-499C-9E7A-4A5184870FA3}.Debug|Any CPU.Build.0 = Debug|Any CPU
		{A7FB4F68-D314-499C-9E7A-4A5184870FA3}.Release|Any CPU.ActiveCfg = Release|Any CPU
		{A7FB4F68-D314-499C-9E7A-4A5184870FA3}.Release|Any CPU.Build.0 = Release|Any CPU
		{2B1CC7D3-5869-4EE6-B0C4-97CB43878A63}.Debug|Any CPU.ActiveCfg = Debug|Any CPU
		{2B1CC7D3-5869-4EE6-B0C4-97CB43878A63}.Debug|Any CPU.Build.0 = Debug|Any CPU
		{2B1CC7D3-5869-4EE6-B0C4-97CB43878A63}.Release|Any CPU.ActiveCfg = Release|Any CPU
		{2B1CC7D3-5869-4EE6-B0C4-97CB43878A63}.Release|Any CPU.Build.0 = Release|Any CPU
		{7E221EBC-BEB0-4E33-94C0-3B715E3555EE}.Debug|Any CPU.ActiveCfg = Debug|Any CPU
		{7E221EBC-BEB0-4E33-94C0-3B715E3555EE}.Debug|Any CPU.Build.0 = Debug|Any CPU
		{7E221EBC-BEB0-4E33-94C0-3B715E3555EE}.Release|Any CPU.ActiveCfg = Release|Any CPU
		{7E221EBC-BEB0-4E33-94C0-3B715E3555EE}.Release|Any CPU.Build.0 = Release|Any CPU
		{39DDA977-A964-4FA5-9F10-3E533981CF48}.Debug|Any CPU.ActiveCfg = Debug|Any CPU
		{39DDA977-A964-4FA5-9F10-3E533981CF48}.Debug|Any CPU.Build.0 = Debug|Any CPU
		{39DDA977-A964-4FA5-9F10-3E533981CF48}.Release|Any CPU.ActiveCfg = Release|Any CPU
		{39DDA977-A964-4FA5-9F10-3E533981CF48}.Release|Any CPU.Build.0 = Release|Any CPU
	EndGlobalSection
	GlobalSection(SolutionProperties) = preSolution
		HideSolutionNode = FALSE
	EndGlobalSection
	GlobalSection(NestedProjects) = preSolution
		{60A0F56D-C381-4BDB-80F2-32FB1C6BEDC2} = {92154BF6-667F-428D-9DF4-3A0EEB2C77D9}
		{D322B69E-1A78-4B5F-9817-0337FB201FDA} = {91BB6295-DEAC-499B-85C2-CD6EC440A0BB}
		{F4A1A48D-5E07-4821-98B0-B1FE448A844A} = {91BB6295-DEAC-499B-85C2-CD6EC440A0BB}
		{949CF1C2-4DE1-4A96-B0F7-78ACE98BB29C} = {91BB6295-DEAC-499B-85C2-CD6EC440A0BB}
		{D22A7A3B-E8F9-4B82-94EE-F7636F5DCCF3} = {91BB6295-DEAC-499B-85C2-CD6EC440A0BB}
		{5CAE34A9-3C79-4FB1-B25A-06F738B46F62} = {91BB6295-DEAC-499B-85C2-CD6EC440A0BB}
		{A154990A-B9C6-495D-A4E1-09DAA971C95C} = {91BB6295-DEAC-499B-85C2-CD6EC440A0BB}
		{FC41C84F-A188-4F75-AE2B-76882B31AB39} = {91BB6295-DEAC-499B-85C2-CD6EC440A0BB}
		{786AD756-2AD7-404C-A88B-1A0BAD0F80F0} = {92154BF6-667F-428D-9DF4-3A0EEB2C77D9}
		{98ECB1C6-B2E3-4A8F-A20D-83C0F4497BF5} = {92154BF6-667F-428D-9DF4-3A0EEB2C77D9}
		{FDD2EAE9-57FF-43C9-AA11-7357A5317DCC} = {92154BF6-667F-428D-9DF4-3A0EEB2C77D9}
		{2ED45790-FD95-482A-9230-8922B6E85F83} = {92154BF6-667F-428D-9DF4-3A0EEB2C77D9}
		{724481CD-37D9-4ACC-8312-46D9A3053A79} = {92154BF6-667F-428D-9DF4-3A0EEB2C77D9}
		{A7FB4F68-D314-499C-9E7A-4A5184870FA3} = {92154BF6-667F-428D-9DF4-3A0EEB2C77D9}
		{2B1CC7D3-5869-4EE6-B0C4-97CB43878A63} = {92154BF6-667F-428D-9DF4-3A0EEB2C77D9}
		{7E221EBC-BEB0-4E33-94C0-3B715E3555EE} = {92154BF6-667F-428D-9DF4-3A0EEB2C77D9}
		{39DDA977-A964-4FA5-9F10-3E533981CF48} = {92154BF6-667F-428D-9DF4-3A0EEB2C77D9}
	EndGlobalSection
	GlobalSection(ExtensibilityGlobals) = postSolution
		SolutionGuid = {DAFEF22D-7F69-4BC6-903F-3E87F2B2CF70}
	EndGlobalSection
EndGlobal
