
Microsoft Visual Studio Solution File, Format Version 12.00
# Visual Studio 15
VisualStudioVersion = 15.0.28307.705
MinimumVisualStudioVersion = 10.0.40219.1
Project("{FAE04EC0-301F-11D3-BF4B-00C04F79EFBC}") = "GenericBoxOfString", "GenericBoxOfString\GenericBoxOfString.csproj", "{7650A940-D0B5-44C8-9687-2DDA40F89183}"
EndProject
Project("{FAE04EC0-301F-11D3-BF4B-00C04F79EFBC}") = "Tuple", "Tuple\Tuple.csproj", "{57F8ED45-EFBD-43AC-A8AD-98E65C253FCF}"
EndProject
Project("{FAE04EC0-301F-11D3-BF4B-00C04F79EFBC}") = "Threeuple", "Threeuple\Threeuple.csproj", "{827629E0-05A2-4068-A86F-147DF8ACFDF2}"
EndProject
Global
	GlobalSection(SolutionConfigurationPlatforms) = preSolution
		Debug|Any CPU = Debug|Any CPU
		Release|Any CPU = Release|Any CPU
	EndGlobalSection
	GlobalSection(ProjectConfigurationPlatforms) = postSolution
		{7650A940-D0B5-44C8-9687-2DDA40F89183}.Debug|Any CPU.ActiveCfg = Debug|Any CPU
		{7650A940-D0B5-44C8-9687-2DDA40F89183}.Debug|Any CPU.Build.0 = Debug|Any CPU
		{7650A940-D0B5-44C8-9687-2DDA40F89183}.Release|Any CPU.ActiveCfg = Release|Any CPU
		{7650A940-D0B5-44C8-9687-2DDA40F89183}.Release|Any CPU.Build.0 = Release|Any CPU
		{57F8ED45-EFBD-43AC-A8AD-98E65C253FCF}.Debug|Any CPU.ActiveCfg = Debug|Any CPU
		{57F8ED45-EFBD-43AC-A8AD-98E65C253FCF}.Debug|Any CPU.Build.0 = Debug|Any CPU
		{57F8ED45-EFBD-43AC-A8AD-98E65C253FCF}.Release|Any CPU.ActiveCfg = Release|Any CPU
		{57F8ED45-EFBD-43AC-A8AD-98E65C253FCF}.Release|Any CPU.Build.0 = Release|Any CPU
		{827629E0-05A2-4068-A86F-147DF8ACFDF2}.Debug|Any CPU.ActiveCfg = Debug|Any CPU
		{827629E0-05A2-4068-A86F-147DF8ACFDF2}.Debug|Any CPU.Build.0 = Debug|Any CPU
		{827629E0-05A2-4068-A86F-147DF8ACFDF2}.Release|Any CPU.ActiveCfg = Release|Any CPU
		{827629E0-05A2-4068-A86F-147DF8ACFDF2}.Release|Any CPU.Build.0 = Release|Any CPU
	EndGlobalSection
	GlobalSection(SolutionProperties) = preSolution
		HideSolutionNode = FALSE
	EndGlobalSection
	GlobalSection(ExtensibilityGlobals) = postSolution
		SolutionGuid = {53D166F1-A04C-4EC4-B4AC-2825DE20019F}
	EndGlobalSection
EndGlobal
