
Microsoft Visual Studio Solution File, Format Version 12.00
# Visual Studio 15
VisualStudioVersion = 15.0.28307.705
MinimumVisualStudioVersion = 10.0.40219.1
Project("{9A19103F-16F7-4668-BE54-9A1E7A4F7556}") = "Club Party", "Club Party\Club Party.csproj", "{43365693-10CD-4589-8B37-EF4855121740}"
EndProject
Project("{FAE04EC0-301F-11D3-BF4B-00C04F79EFBC}") = "Tron Racers", "Tron Racers\Tron Racers.csproj", "{95353575-6078-4700-AF9A-569E40E43426}"
EndProject
Project("{FAE04EC0-301F-11D3-BF4B-00C04F79EFBC}") = "Heroes", "Heroes\Heroes.csproj", "{BE3AB805-C3ED-4846-98B4-19DA6366572C}"
EndProject
Global
	GlobalSection(SolutionConfigurationPlatforms) = preSolution
		Debug|Any CPU = Debug|Any CPU
		Release|Any CPU = Release|Any CPU
	EndGlobalSection
	GlobalSection(ProjectConfigurationPlatforms) = postSolution
		{43365693-10CD-4589-8B37-EF4855121740}.Debug|Any CPU.ActiveCfg = Debug|Any CPU
		{43365693-10CD-4589-8B37-EF4855121740}.Debug|Any CPU.Build.0 = Debug|Any CPU
		{43365693-10CD-4589-8B37-EF4855121740}.Release|Any CPU.ActiveCfg = Release|Any CPU
		{43365693-10CD-4589-8B37-EF4855121740}.Release|Any CPU.Build.0 = Release|Any CPU
		{95353575-6078-4700-AF9A-569E40E43426}.Debug|Any CPU.ActiveCfg = Debug|Any CPU
		{95353575-6078-4700-AF9A-569E40E43426}.Debug|Any CPU.Build.0 = Debug|Any CPU
		{95353575-6078-4700-AF9A-569E40E43426}.Release|Any CPU.ActiveCfg = Release|Any CPU
		{95353575-6078-4700-AF9A-569E40E43426}.Release|Any CPU.Build.0 = Release|Any CPU
		{BE3AB805-C3ED-4846-98B4-19DA6366572C}.Debug|Any CPU.ActiveCfg = Debug|Any CPU
		{BE3AB805-C3ED-4846-98B4-19DA6366572C}.Debug|Any CPU.Build.0 = Debug|Any CPU
		{BE3AB805-C3ED-4846-98B4-19DA6366572C}.Release|Any CPU.ActiveCfg = Release|Any CPU
		{BE3AB805-C3ED-4846-98B4-19DA6366572C}.Release|Any CPU.Build.0 = Release|Any CPU
	EndGlobalSection
	GlobalSection(SolutionProperties) = preSolution
		HideSolutionNode = FALSE
	EndGlobalSection
	GlobalSection(ExtensibilityGlobals) = postSolution
		SolutionGuid = {5F755B42-7FFE-4819-BCC7-1D15405D4DA2}
	EndGlobalSection
EndGlobal
