
Microsoft Visual Studio Solution File, Format Version 12.00
# Visual Studio 15
VisualStudioVersion = 15.0.28307.645
MinimumVisualStudioVersion = 10.0.40219.1
Project("{2150E333-8FDC-42A3-9474-1A3956D46DE8}") = "Lab Multidimensional Arrays", "Lab Multidimensional Arrays", "{F850AED5-A0DE-43ED-A89A-A519EA320772}"
EndProject
Project("{2150E333-8FDC-42A3-9474-1A3956D46DE8}") = "Exercises Multidimensional Arrays", "Exercises Multidimensional Arrays", "{672A4069-8B93-491A-88BB-A850CC02B797}"
EndProject
Project("{9A19103F-16F7-4668-BE54-9A1E7A4F7556}") = "1. Sum Matrix Elements", "1. Sum Matrix Elements\1. Sum Matrix Elements.csproj", "{391A8A1D-161A-4395-AC2E-9BE9CA6FB432}"
EndProject
Project("{9A19103F-16F7-4668-BE54-9A1E7A4F7556}") = "2. Sum Matrix Columns", "2. Sum Matrix Columns\2. Sum Matrix Columns.csproj", "{7066959F-B404-4960-A2F1-B406822C2438}"
EndProject
Project("{9A19103F-16F7-4668-BE54-9A1E7A4F7556}") = "3. Primary Diagonal", "3. Primary Diagonal\3. Primary Diagonal.csproj", "{CEF816B4-E727-4229-8E1F-9D463043CAB3}"
EndProject
Project("{9A19103F-16F7-4668-BE54-9A1E7A4F7556}") = "4. Symbol in Matrix", "4. Symbol in Matrix\4. Symbol in Matrix.csproj", "{E917FE67-CE82-4E7C-BE01-11ED1E92888E}"
EndProject
Project("{9A19103F-16F7-4668-BE54-9A1E7A4F7556}") = "5. Square With Maximum Sum", "5. Square With Maximum Sum\5. Square With Maximum Sum.csproj", "{F79D509B-0A48-4BC8-85BD-7C92DBC373F5}"
EndProject
Project("{9A19103F-16F7-4668-BE54-9A1E7A4F7556}") = "6. Jagged-Array Modification", "6. Jagged-Array Modification\6. Jagged-Array Modification.csproj", "{4301F85F-8A29-46A9-B553-E6006802F790}"
EndProject
Project("{9A19103F-16F7-4668-BE54-9A1E7A4F7556}") = "7. Pascal Triangle", "7. Pascal Triangle\7. Pascal Triangle.csproj", "{604B2F17-568E-47FA-BCA1-AD2AEC9B966A}"
EndProject
Project("{9A19103F-16F7-4668-BE54-9A1E7A4F7556}") = "1. Diagonal Difference", "1. Diagonal Difference\1. Diagonal Difference.csproj", "{F3EB090C-3E0C-4902-B8F0-2BA1A3B51DCC}"
EndProject
Project("{9A19103F-16F7-4668-BE54-9A1E7A4F7556}") = "2. Squares in Matrix", "2. Squares in Matrix\2. Squares in Matrix.csproj", "{E573BD56-1BAE-418F-9E27-E1B75CAEFEB7}"
EndProject
Project("{9A19103F-16F7-4668-BE54-9A1E7A4F7556}") = "3. Maximal Sum", "3. Maximal Sum\3. Maximal Sum.csproj", "{2C6511A8-018A-4514-87AC-61D4E7B2F64D}"
EndProject
Project("{9A19103F-16F7-4668-BE54-9A1E7A4F7556}") = "4. Matrix shuffling", "4. Matrix shuffling\4. Matrix shuffling.csproj", "{40060EEC-5C4B-4AE7-931B-FDE225B32EA7}"
EndProject
Project("{9A19103F-16F7-4668-BE54-9A1E7A4F7556}") = "5. Snake Moves", "5. Snake Moves\5. Snake Moves.csproj", "{6490F1C7-99A7-4401-80AA-3FA9B1BE1263}"
EndProject
Project("{9A19103F-16F7-4668-BE54-9A1E7A4F7556}") = "6. Bomb the Basement", "6. Bomb the Basement\6. Bomb the Basement.csproj", "{206D943E-5C20-48A2-AA13-0071F76881D9}"
EndProject
Project("{FAE04EC0-301F-11D3-BF4B-00C04F79EFBC}") = "7. Knight Game", "7. Knight Game\7. Knight Game.csproj", "{74B455CF-702D-40D2-BDB9-6B4FF39FB0A6}"
EndProject
Project("{FAE04EC0-301F-11D3-BF4B-00C04F79EFBC}") = "7. Knight Game 2", "7. Knight Game 2\7. Knight Game 2.csproj", "{6E88DF47-7465-4565-B448-6C6B2EB3DE30}"
EndProject
Global
	GlobalSection(SolutionConfigurationPlatforms) = preSolution
		Debug|Any CPU = Debug|Any CPU
		Release|Any CPU = Release|Any CPU
	EndGlobalSection
	GlobalSection(ProjectConfigurationPlatforms) = postSolution
		{391A8A1D-161A-4395-AC2E-9BE9CA6FB432}.Debug|Any CPU.ActiveCfg = Debug|Any CPU
		{391A8A1D-161A-4395-AC2E-9BE9CA6FB432}.Debug|Any CPU.Build.0 = Debug|Any CPU
		{391A8A1D-161A-4395-AC2E-9BE9CA6FB432}.Release|Any CPU.ActiveCfg = Release|Any CPU
		{391A8A1D-161A-4395-AC2E-9BE9CA6FB432}.Release|Any CPU.Build.0 = Release|Any CPU
		{7066959F-B404-4960-A2F1-B406822C2438}.Debug|Any CPU.ActiveCfg = Debug|Any CPU
		{7066959F-B404-4960-A2F1-B406822C2438}.Debug|Any CPU.Build.0 = Debug|Any CPU
		{7066959F-B404-4960-A2F1-B406822C2438}.Release|Any CPU.ActiveCfg = Release|Any CPU
		{7066959F-B404-4960-A2F1-B406822C2438}.Release|Any CPU.Build.0 = Release|Any CPU
		{CEF816B4-E727-4229-8E1F-9D463043CAB3}.Debug|Any CPU.ActiveCfg = Debug|Any CPU
		{CEF816B4-E727-4229-8E1F-9D463043CAB3}.Debug|Any CPU.Build.0 = Debug|Any CPU
		{CEF816B4-E727-4229-8E1F-9D463043CAB3}.Release|Any CPU.ActiveCfg = Release|Any CPU
		{CEF816B4-E727-4229-8E1F-9D463043CAB3}.Release|Any CPU.Build.0 = Release|Any CPU
		{E917FE67-CE82-4E7C-BE01-11ED1E92888E}.Debug|Any CPU.ActiveCfg = Debug|Any CPU
		{E917FE67-CE82-4E7C-BE01-11ED1E92888E}.Debug|Any CPU.Build.0 = Debug|Any CPU
		{E917FE67-CE82-4E7C-BE01-11ED1E92888E}.Release|Any CPU.ActiveCfg = Release|Any CPU
		{E917FE67-CE82-4E7C-BE01-11ED1E92888E}.Release|Any CPU.Build.0 = Release|Any CPU
		{F79D509B-0A48-4BC8-85BD-7C92DBC373F5}.Debug|Any CPU.ActiveCfg = Debug|Any CPU
		{F79D509B-0A48-4BC8-85BD-7C92DBC373F5}.Debug|Any CPU.Build.0 = Debug|Any CPU
		{F79D509B-0A48-4BC8-85BD-7C92DBC373F5}.Release|Any CPU.ActiveCfg = Release|Any CPU
		{F79D509B-0A48-4BC8-85BD-7C92DBC373F5}.Release|Any CPU.Build.0 = Release|Any CPU
		{4301F85F-8A29-46A9-B553-E6006802F790}.Debug|Any CPU.ActiveCfg = Debug|Any CPU
		{4301F85F-8A29-46A9-B553-E6006802F790}.Debug|Any CPU.Build.0 = Debug|Any CPU
		{4301F85F-8A29-46A9-B553-E6006802F790}.Release|Any CPU.ActiveCfg = Release|Any CPU
		{4301F85F-8A29-46A9-B553-E6006802F790}.Release|Any CPU.Build.0 = Release|Any CPU
		{604B2F17-568E-47FA-BCA1-AD2AEC9B966A}.Debug|Any CPU.ActiveCfg = Debug|Any CPU
		{604B2F17-568E-47FA-BCA1-AD2AEC9B966A}.Debug|Any CPU.Build.0 = Debug|Any CPU
		{604B2F17-568E-47FA-BCA1-AD2AEC9B966A}.Release|Any CPU.ActiveCfg = Release|Any CPU
		{604B2F17-568E-47FA-BCA1-AD2AEC9B966A}.Release|Any CPU.Build.0 = Release|Any CPU
		{F3EB090C-3E0C-4902-B8F0-2BA1A3B51DCC}.Debug|Any CPU.ActiveCfg = Debug|Any CPU
		{F3EB090C-3E0C-4902-B8F0-2BA1A3B51DCC}.Debug|Any CPU.Build.0 = Debug|Any CPU
		{F3EB090C-3E0C-4902-B8F0-2BA1A3B51DCC}.Release|Any CPU.ActiveCfg = Release|Any CPU
		{F3EB090C-3E0C-4902-B8F0-2BA1A3B51DCC}.Release|Any CPU.Build.0 = Release|Any CPU
		{E573BD56-1BAE-418F-9E27-E1B75CAEFEB7}.Debug|Any CPU.ActiveCfg = Debug|Any CPU
		{E573BD56-1BAE-418F-9E27-E1B75CAEFEB7}.Debug|Any CPU.Build.0 = Debug|Any CPU
		{E573BD56-1BAE-418F-9E27-E1B75CAEFEB7}.Release|Any CPU.ActiveCfg = Release|Any CPU
		{E573BD56-1BAE-418F-9E27-E1B75CAEFEB7}.Release|Any CPU.Build.0 = Release|Any CPU
		{2C6511A8-018A-4514-87AC-61D4E7B2F64D}.Debug|Any CPU.ActiveCfg = Debug|Any CPU
		{2C6511A8-018A-4514-87AC-61D4E7B2F64D}.Debug|Any CPU.Build.0 = Debug|Any CPU
		{2C6511A8-018A-4514-87AC-61D4E7B2F64D}.Release|Any CPU.ActiveCfg = Release|Any CPU
		{2C6511A8-018A-4514-87AC-61D4E7B2F64D}.Release|Any CPU.Build.0 = Release|Any CPU
		{40060EEC-5C4B-4AE7-931B-FDE225B32EA7}.Debug|Any CPU.ActiveCfg = Debug|Any CPU
		{40060EEC-5C4B-4AE7-931B-FDE225B32EA7}.Debug|Any CPU.Build.0 = Debug|Any CPU
		{40060EEC-5C4B-4AE7-931B-FDE225B32EA7}.Release|Any CPU.ActiveCfg = Release|Any CPU
		{40060EEC-5C4B-4AE7-931B-FDE225B32EA7}.Release|Any CPU.Build.0 = Release|Any CPU
		{6490F1C7-99A7-4401-80AA-3FA9B1BE1263}.Debug|Any CPU.ActiveCfg = Debug|Any CPU
		{6490F1C7-99A7-4401-80AA-3FA9B1BE1263}.Debug|Any CPU.Build.0 = Debug|Any CPU
		{6490F1C7-99A7-4401-80AA-3FA9B1BE1263}.Release|Any CPU.ActiveCfg = Release|Any CPU
		{6490F1C7-99A7-4401-80AA-3FA9B1BE1263}.Release|Any CPU.Build.0 = Release|Any CPU
		{206D943E-5C20-48A2-AA13-0071F76881D9}.Debug|Any CPU.ActiveCfg = Debug|Any CPU
		{206D943E-5C20-48A2-AA13-0071F76881D9}.Debug|Any CPU.Build.0 = Debug|Any CPU
		{206D943E-5C20-48A2-AA13-0071F76881D9}.Release|Any CPU.ActiveCfg = Release|Any CPU
		{206D943E-5C20-48A2-AA13-0071F76881D9}.Release|Any CPU.Build.0 = Release|Any CPU
		{74B455CF-702D-40D2-BDB9-6B4FF39FB0A6}.Debug|Any CPU.ActiveCfg = Debug|Any CPU
		{74B455CF-702D-40D2-BDB9-6B4FF39FB0A6}.Debug|Any CPU.Build.0 = Debug|Any CPU
		{74B455CF-702D-40D2-BDB9-6B4FF39FB0A6}.Release|Any CPU.ActiveCfg = Release|Any CPU
		{74B455CF-702D-40D2-BDB9-6B4FF39FB0A6}.Release|Any CPU.Build.0 = Release|Any CPU
		{6E88DF47-7465-4565-B448-6C6B2EB3DE30}.Debug|Any CPU.ActiveCfg = Debug|Any CPU
		{6E88DF47-7465-4565-B448-6C6B2EB3DE30}.Debug|Any CPU.Build.0 = Debug|Any CPU
		{6E88DF47-7465-4565-B448-6C6B2EB3DE30}.Release|Any CPU.ActiveCfg = Release|Any CPU
		{6E88DF47-7465-4565-B448-6C6B2EB3DE30}.Release|Any CPU.Build.0 = Release|Any CPU
	EndGlobalSection
	GlobalSection(SolutionProperties) = preSolution
		HideSolutionNode = FALSE
	EndGlobalSection
	GlobalSection(NestedProjects) = preSolution
		{391A8A1D-161A-4395-AC2E-9BE9CA6FB432} = {F850AED5-A0DE-43ED-A89A-A519EA320772}
		{7066959F-B404-4960-A2F1-B406822C2438} = {F850AED5-A0DE-43ED-A89A-A519EA320772}
		{CEF816B4-E727-4229-8E1F-9D463043CAB3} = {F850AED5-A0DE-43ED-A89A-A519EA320772}
		{E917FE67-CE82-4E7C-BE01-11ED1E92888E} = {F850AED5-A0DE-43ED-A89A-A519EA320772}
		{F79D509B-0A48-4BC8-85BD-7C92DBC373F5} = {F850AED5-A0DE-43ED-A89A-A519EA320772}
		{4301F85F-8A29-46A9-B553-E6006802F790} = {F850AED5-A0DE-43ED-A89A-A519EA320772}
		{604B2F17-568E-47FA-BCA1-AD2AEC9B966A} = {F850AED5-A0DE-43ED-A89A-A519EA320772}
		{F3EB090C-3E0C-4902-B8F0-2BA1A3B51DCC} = {672A4069-8B93-491A-88BB-A850CC02B797}
		{E573BD56-1BAE-418F-9E27-E1B75CAEFEB7} = {672A4069-8B93-491A-88BB-A850CC02B797}
		{2C6511A8-018A-4514-87AC-61D4E7B2F64D} = {672A4069-8B93-491A-88BB-A850CC02B797}
		{40060EEC-5C4B-4AE7-931B-FDE225B32EA7} = {672A4069-8B93-491A-88BB-A850CC02B797}
		{6490F1C7-99A7-4401-80AA-3FA9B1BE1263} = {672A4069-8B93-491A-88BB-A850CC02B797}
		{206D943E-5C20-48A2-AA13-0071F76881D9} = {672A4069-8B93-491A-88BB-A850CC02B797}
		{74B455CF-702D-40D2-BDB9-6B4FF39FB0A6} = {672A4069-8B93-491A-88BB-A850CC02B797}
		{6E88DF47-7465-4565-B448-6C6B2EB3DE30} = {672A4069-8B93-491A-88BB-A850CC02B797}
	EndGlobalSection
	GlobalSection(ExtensibilityGlobals) = postSolution
		SolutionGuid = {393BAD3B-1B5E-4605-BEB3-39DD465415C8}
	EndGlobalSection
EndGlobal
