
Microsoft Visual Studio Solution File, Format Version 12.00
# Visual Studio 15
VisualStudioVersion = 15.0.28307.645
MinimumVisualStudioVersion = 10.0.40219.1
Project("{2150E333-8FDC-42A3-9474-1A3956D46DE8}") = "EXERCISE Sets and Dictionaries Advanced", "EXERCISE Sets and Dictionaries Advanced", "{12D0C261-46B4-47B5-A635-BDD5C24C6D4A}"
EndProject
Project("{FAE04EC0-301F-11D3-BF4B-00C04F79EFBC}") = "01. Unique Usernames", "01. Unique Usernames\01. Unique Usernames.csproj", "{6247D249-A824-4D4E-BA9A-2E837F4A3C6B}"
EndProject
Project("{FAE04EC0-301F-11D3-BF4B-00C04F79EFBC}") = "02. Sets of Elements", "02. Sets of Elements\02. Sets of Elements.csproj", "{C8F596E5-2CB7-4064-BAA0-11A1FC1063EB}"
EndProject
Project("{FAE04EC0-301F-11D3-BF4B-00C04F79EFBC}") = "03. Periodic Table", "03. Periodic Table\03. Periodic Table.csproj", "{830EF8F0-626B-4EC6-91CF-6598ABE643A0}"
EndProject
Project("{FAE04EC0-301F-11D3-BF4B-00C04F79EFBC}") = "04. Even Times", "04. Even Times\04. Even Times.csproj", "{B4C15905-B245-4F00-920C-A58C4A9E28F1}"
EndProject
Project("{FAE04EC0-301F-11D3-BF4B-00C04F79EFBC}") = "05. Count Symbols", "05. Count Symbols\05. Count Symbols.csproj", "{2E2D4D61-A183-47FB-A93B-06E389E12B4E}"
EndProject
Project("{FAE04EC0-301F-11D3-BF4B-00C04F79EFBC}") = "06. Wardrobe", "06. Wardrobe\06. Wardrobe.csproj", "{9BE68AA8-DB45-4625-9250-7C855CCE7CBE}"
EndProject
Global
	GlobalSection(SolutionConfigurationPlatforms) = preSolution
		Debug|Any CPU = Debug|Any CPU
		Release|Any CPU = Release|Any CPU
	EndGlobalSection
	GlobalSection(ProjectConfigurationPlatforms) = postSolution
		{6247D249-A824-4D4E-BA9A-2E837F4A3C6B}.Debug|Any CPU.ActiveCfg = Debug|Any CPU
		{6247D249-A824-4D4E-BA9A-2E837F4A3C6B}.Debug|Any CPU.Build.0 = Debug|Any CPU
		{6247D249-A824-4D4E-BA9A-2E837F4A3C6B}.Release|Any CPU.ActiveCfg = Release|Any CPU
		{6247D249-A824-4D4E-BA9A-2E837F4A3C6B}.Release|Any CPU.Build.0 = Release|Any CPU
		{C8F596E5-2CB7-4064-BAA0-11A1FC1063EB}.Debug|Any CPU.ActiveCfg = Debug|Any CPU
		{C8F596E5-2CB7-4064-BAA0-11A1FC1063EB}.Debug|Any CPU.Build.0 = Debug|Any CPU
		{C8F596E5-2CB7-4064-BAA0-11A1FC1063EB}.Release|Any CPU.ActiveCfg = Release|Any CPU
		{C8F596E5-2CB7-4064-BAA0-11A1FC1063EB}.Release|Any CPU.Build.0 = Release|Any CPU
		{830EF8F0-626B-4EC6-91CF-6598ABE643A0}.Debug|Any CPU.ActiveCfg = Debug|Any CPU
		{830EF8F0-626B-4EC6-91CF-6598ABE643A0}.Debug|Any CPU.Build.0 = Debug|Any CPU
		{830EF8F0-626B-4EC6-91CF-6598ABE643A0}.Release|Any CPU.ActiveCfg = Release|Any CPU
		{830EF8F0-626B-4EC6-91CF-6598ABE643A0}.Release|Any CPU.Build.0 = Release|Any CPU
		{B4C15905-B245-4F00-920C-A58C4A9E28F1}.Debug|Any CPU.ActiveCfg = Debug|Any CPU
		{B4C15905-B245-4F00-920C-A58C4A9E28F1}.Debug|Any CPU.Build.0 = Debug|Any CPU
		{B4C15905-B245-4F00-920C-A58C4A9E28F1}.Release|Any CPU.ActiveCfg = Release|Any CPU
		{B4C15905-B245-4F00-920C-A58C4A9E28F1}.Release|Any CPU.Build.0 = Release|Any CPU
		{2E2D4D61-A183-47FB-A93B-06E389E12B4E}.Debug|Any CPU.ActiveCfg = Debug|Any CPU
		{2E2D4D61-A183-47FB-A93B-06E389E12B4E}.Debug|Any CPU.Build.0 = Debug|Any CPU
		{2E2D4D61-A183-47FB-A93B-06E389E12B4E}.Release|Any CPU.ActiveCfg = Release|Any CPU
		{2E2D4D61-A183-47FB-A93B-06E389E12B4E}.Release|Any CPU.Build.0 = Release|Any CPU
		{9BE68AA8-DB45-4625-9250-7C855CCE7CBE}.Debug|Any CPU.ActiveCfg = Debug|Any CPU
		{9BE68AA8-DB45-4625-9250-7C855CCE7CBE}.Debug|Any CPU.Build.0 = Debug|Any CPU
		{9BE68AA8-DB45-4625-9250-7C855CCE7CBE}.Release|Any CPU.ActiveCfg = Release|Any CPU
		{9BE68AA8-DB45-4625-9250-7C855CCE7CBE}.Release|Any CPU.Build.0 = Release|Any CPU
	EndGlobalSection
	GlobalSection(SolutionProperties) = preSolution
		HideSolutionNode = FALSE
	EndGlobalSection
	GlobalSection(NestedProjects) = preSolution
		{6247D249-A824-4D4E-BA9A-2E837F4A3C6B} = {12D0C261-46B4-47B5-A635-BDD5C24C6D4A}
		{C8F596E5-2CB7-4064-BAA0-11A1FC1063EB} = {12D0C261-46B4-47B5-A635-BDD5C24C6D4A}
		{830EF8F0-626B-4EC6-91CF-6598ABE643A0} = {12D0C261-46B4-47B5-A635-BDD5C24C6D4A}
		{B4C15905-B245-4F00-920C-A58C4A9E28F1} = {12D0C261-46B4-47B5-A635-BDD5C24C6D4A}
		{2E2D4D61-A183-47FB-A93B-06E389E12B4E} = {12D0C261-46B4-47B5-A635-BDD5C24C6D4A}
		{9BE68AA8-DB45-4625-9250-7C855CCE7CBE} = {12D0C261-46B4-47B5-A635-BDD5C24C6D4A}
	EndGlobalSection
	GlobalSection(ExtensibilityGlobals) = postSolution
		SolutionGuid = {2D7F3333-3066-43B7-957C-54ADEE6182E3}
	EndGlobalSection
EndGlobal
