
Microsoft Visual Studio Solution File, Format Version 12.00
# Visual Studio 15
VisualStudioVersion = 15.0.28307.645
MinimumVisualStudioVersion = 10.0.40219.1
Project("{9A19103F-16F7-4668-BE54-9A1E7A4F7556}") = "CarManufacturer", "CarManufacturer\CarManufacturer.csproj", "{95EA3C29-7D95-4CDC-B29D-38040E0012A2}"
EndProject
Project("{9A19103F-16F7-4668-BE54-9A1E7A4F7556}") = "CarExtension", "Car Extension\CarExtension.csproj", "{72EBC0C4-963A-4832-BA7D-3ACEAF798969}"
EndProject
Project("{9A19103F-16F7-4668-BE54-9A1E7A4F7556}") = "Car Constructors", "Car Constructors\Car Constructors.csproj", "{2D1E5BCF-4AA1-4B11-BCD7-51D71AC24B4F}"
EndProject
Project("{9A19103F-16F7-4668-BE54-9A1E7A4F7556}") = "Car Engine And Tires", "Car Engine And Tires\Car Engine And Tires.csproj", "{494ACBF1-ED08-4A22-A9E5-565B9F813451}"
EndProject
Project("{9A19103F-16F7-4668-BE54-9A1E7A4F7556}") = "Special Cars", "Special Cars\Special Cars.csproj", "{E99F3DD7-5C79-4AD4-9B99-C17AA5C6F976}"
EndProject
Project("{2150E333-8FDC-42A3-9474-1A3956D46DE8}") = "Exercise", "Exercise", "{B3DD8B65-15C5-4B3C-AC29-798B5098C96D}"
EndProject
Project("{9A19103F-16F7-4668-BE54-9A1E7A4F7556}") = "Problem 1. Define a Class Person", "Problem 1. Define a Class Person\Problem 1. Define a Class Person.csproj", "{4696CA9D-9EE6-4E37-AA11-08EC19154877}"
EndProject
Project("{9A19103F-16F7-4668-BE54-9A1E7A4F7556}") = "0.test", "0.test\0.test.csproj", "{0A479BA1-53B1-4E65-B29A-04C70970D953}"
EndProject
Project("{9A19103F-16F7-4668-BE54-9A1E7A4F7556}") = "DefiningClasses", "DefiningClasses\DefiningClasses.csproj", "{8B80BDC7-3FD0-4008-AB2C-E50F550BDE51}"
EndProject
Project("{9A19103F-16F7-4668-BE54-9A1E7A4F7556}") = "02. Creating Constructors", "02. Creating Constructors\02. Creating Constructors.csproj", "{08BB96ED-D1C7-455C-B056-C879546FC992}"
EndProject
Project("{9A19103F-16F7-4668-BE54-9A1E7A4F7556}") = "DateModifier", "Problem 5. Date Modifier\DateModifier.csproj", "{B19B9B5F-FEF5-4620-9869-2B7D8A1DEF44}"
EndProject
Project("{9A19103F-16F7-4668-BE54-9A1E7A4F7556}") = "SpeedRacing", "Problem 6. Speed Racing\SpeedRacing.csproj", "{38DB46EC-6DC0-4C96-9B57-B0B99B995496}"
EndProject
Project("{9A19103F-16F7-4668-BE54-9A1E7A4F7556}") = "7.RawData", "7.RawData\7.RawData.csproj", "{8BE1DF49-253A-4595-8F34-68D884EA9C17}"
EndProject
Project("{9A19103F-16F7-4668-BE54-9A1E7A4F7556}") = "08.Car_Salesman", "08.Car_Salesman\08.Car_Salesman.csproj", "{FDF15CC9-F797-4EA1-9F68-B8E55C696F34}"
EndProject
Project("{9A19103F-16F7-4668-BE54-9A1E7A4F7556}") = "09.PokemonTrainer", "09.PokemonTrainer\09.PokemonTrainer.csproj", "{B1A88A99-B29A-4C0E-9912-9B21E2DF171C}"
EndProject
Project("{9A19103F-16F7-4668-BE54-9A1E7A4F7556}") = "SoftUniParking", "10.SoftUniParking\SoftUniParking.csproj", "{BD6A8128-8B6C-4C96-9902-9E5F4544872E}"
EndProject
Global
	GlobalSection(SolutionConfigurationPlatforms) = preSolution
		Debug|Any CPU = Debug|Any CPU
		Release|Any CPU = Release|Any CPU
	EndGlobalSection
	GlobalSection(ProjectConfigurationPlatforms) = postSolution
		{95EA3C29-7D95-4CDC-B29D-38040E0012A2}.Debug|Any CPU.ActiveCfg = Debug|Any CPU
		{95EA3C29-7D95-4CDC-B29D-38040E0012A2}.Debug|Any CPU.Build.0 = Debug|Any CPU
		{95EA3C29-7D95-4CDC-B29D-38040E0012A2}.Release|Any CPU.ActiveCfg = Release|Any CPU
		{95EA3C29-7D95-4CDC-B29D-38040E0012A2}.Release|Any CPU.Build.0 = Release|Any CPU
		{72EBC0C4-963A-4832-BA7D-3ACEAF798969}.Debug|Any CPU.ActiveCfg = Debug|Any CPU
		{72EBC0C4-963A-4832-BA7D-3ACEAF798969}.Debug|Any CPU.Build.0 = Debug|Any CPU
		{72EBC0C4-963A-4832-BA7D-3ACEAF798969}.Release|Any CPU.ActiveCfg = Release|Any CPU
		{72EBC0C4-963A-4832-BA7D-3ACEAF798969}.Release|Any CPU.Build.0 = Release|Any CPU
		{2D1E5BCF-4AA1-4B11-BCD7-51D71AC24B4F}.Debug|Any CPU.ActiveCfg = Debug|Any CPU
		{2D1E5BCF-4AA1-4B11-BCD7-51D71AC24B4F}.Debug|Any CPU.Build.0 = Debug|Any CPU
		{2D1E5BCF-4AA1-4B11-BCD7-51D71AC24B4F}.Release|Any CPU.ActiveCfg = Release|Any CPU
		{2D1E5BCF-4AA1-4B11-BCD7-51D71AC24B4F}.Release|Any CPU.Build.0 = Release|Any CPU
		{494ACBF1-ED08-4A22-A9E5-565B9F813451}.Debug|Any CPU.ActiveCfg = Debug|Any CPU
		{494ACBF1-ED08-4A22-A9E5-565B9F813451}.Debug|Any CPU.Build.0 = Debug|Any CPU
		{494ACBF1-ED08-4A22-A9E5-565B9F813451}.Release|Any CPU.ActiveCfg = Release|Any CPU
		{494ACBF1-ED08-4A22-A9E5-565B9F813451}.Release|Any CPU.Build.0 = Release|Any CPU
		{E99F3DD7-5C79-4AD4-9B99-C17AA5C6F976}.Debug|Any CPU.ActiveCfg = Debug|Any CPU
		{E99F3DD7-5C79-4AD4-9B99-C17AA5C6F976}.Debug|Any CPU.Build.0 = Debug|Any CPU
		{E99F3DD7-5C79-4AD4-9B99-C17AA5C6F976}.Release|Any CPU.ActiveCfg = Release|Any CPU
		{E99F3DD7-5C79-4AD4-9B99-C17AA5C6F976}.Release|Any CPU.Build.0 = Release|Any CPU
		{4696CA9D-9EE6-4E37-AA11-08EC19154877}.Debug|Any CPU.ActiveCfg = Debug|Any CPU
		{4696CA9D-9EE6-4E37-AA11-08EC19154877}.Debug|Any CPU.Build.0 = Debug|Any CPU
		{4696CA9D-9EE6-4E37-AA11-08EC19154877}.Release|Any CPU.ActiveCfg = Release|Any CPU
		{4696CA9D-9EE6-4E37-AA11-08EC19154877}.Release|Any CPU.Build.0 = Release|Any CPU
		{0A479BA1-53B1-4E65-B29A-04C70970D953}.Debug|Any CPU.ActiveCfg = Debug|Any CPU
		{0A479BA1-53B1-4E65-B29A-04C70970D953}.Debug|Any CPU.Build.0 = Debug|Any CPU
		{0A479BA1-53B1-4E65-B29A-04C70970D953}.Release|Any CPU.ActiveCfg = Release|Any CPU
		{0A479BA1-53B1-4E65-B29A-04C70970D953}.Release|Any CPU.Build.0 = Release|Any CPU
		{8B80BDC7-3FD0-4008-AB2C-E50F550BDE51}.Debug|Any CPU.ActiveCfg = Debug|Any CPU
		{8B80BDC7-3FD0-4008-AB2C-E50F550BDE51}.Debug|Any CPU.Build.0 = Debug|Any CPU
		{8B80BDC7-3FD0-4008-AB2C-E50F550BDE51}.Release|Any CPU.ActiveCfg = Release|Any CPU
		{8B80BDC7-3FD0-4008-AB2C-E50F550BDE51}.Release|Any CPU.Build.0 = Release|Any CPU
		{08BB96ED-D1C7-455C-B056-C879546FC992}.Debug|Any CPU.ActiveCfg = Debug|Any CPU
		{08BB96ED-D1C7-455C-B056-C879546FC992}.Debug|Any CPU.Build.0 = Debug|Any CPU
		{08BB96ED-D1C7-455C-B056-C879546FC992}.Release|Any CPU.ActiveCfg = Release|Any CPU
		{08BB96ED-D1C7-455C-B056-C879546FC992}.Release|Any CPU.Build.0 = Release|Any CPU
		{B19B9B5F-FEF5-4620-9869-2B7D8A1DEF44}.Debug|Any CPU.ActiveCfg = Debug|Any CPU
		{B19B9B5F-FEF5-4620-9869-2B7D8A1DEF44}.Debug|Any CPU.Build.0 = Debug|Any CPU
		{B19B9B5F-FEF5-4620-9869-2B7D8A1DEF44}.Release|Any CPU.ActiveCfg = Release|Any CPU
		{B19B9B5F-FEF5-4620-9869-2B7D8A1DEF44}.Release|Any CPU.Build.0 = Release|Any CPU
		{38DB46EC-6DC0-4C96-9B57-B0B99B995496}.Debug|Any CPU.ActiveCfg = Debug|Any CPU
		{38DB46EC-6DC0-4C96-9B57-B0B99B995496}.Debug|Any CPU.Build.0 = Debug|Any CPU
		{38DB46EC-6DC0-4C96-9B57-B0B99B995496}.Release|Any CPU.ActiveCfg = Release|Any CPU
		{38DB46EC-6DC0-4C96-9B57-B0B99B995496}.Release|Any CPU.Build.0 = Release|Any CPU
		{8BE1DF49-253A-4595-8F34-68D884EA9C17}.Debug|Any CPU.ActiveCfg = Debug|Any CPU
		{8BE1DF49-253A-4595-8F34-68D884EA9C17}.Debug|Any CPU.Build.0 = Debug|Any CPU
		{8BE1DF49-253A-4595-8F34-68D884EA9C17}.Release|Any CPU.ActiveCfg = Release|Any CPU
		{8BE1DF49-253A-4595-8F34-68D884EA9C17}.Release|Any CPU.Build.0 = Release|Any CPU
		{FDF15CC9-F797-4EA1-9F68-B8E55C696F34}.Debug|Any CPU.ActiveCfg = Debug|Any CPU
		{FDF15CC9-F797-4EA1-9F68-B8E55C696F34}.Debug|Any CPU.Build.0 = Debug|Any CPU
		{FDF15CC9-F797-4EA1-9F68-B8E55C696F34}.Release|Any CPU.ActiveCfg = Release|Any CPU
		{FDF15CC9-F797-4EA1-9F68-B8E55C696F34}.Release|Any CPU.Build.0 = Release|Any CPU
		{B1A88A99-B29A-4C0E-9912-9B21E2DF171C}.Debug|Any CPU.ActiveCfg = Debug|Any CPU
		{B1A88A99-B29A-4C0E-9912-9B21E2DF171C}.Debug|Any CPU.Build.0 = Debug|Any CPU
		{B1A88A99-B29A-4C0E-9912-9B21E2DF171C}.Release|Any CPU.ActiveCfg = Release|Any CPU
		{B1A88A99-B29A-4C0E-9912-9B21E2DF171C}.Release|Any CPU.Build.0 = Release|Any CPU
		{BD6A8128-8B6C-4C96-9902-9E5F4544872E}.Debug|Any CPU.ActiveCfg = Debug|Any CPU
		{BD6A8128-8B6C-4C96-9902-9E5F4544872E}.Debug|Any CPU.Build.0 = Debug|Any CPU
		{BD6A8128-8B6C-4C96-9902-9E5F4544872E}.Release|Any CPU.ActiveCfg = Release|Any CPU
		{BD6A8128-8B6C-4C96-9902-9E5F4544872E}.Release|Any CPU.Build.0 = Release|Any CPU
	EndGlobalSection
	GlobalSection(SolutionProperties) = preSolution
		HideSolutionNode = FALSE
	EndGlobalSection
	GlobalSection(NestedProjects) = preSolution
		{4696CA9D-9EE6-4E37-AA11-08EC19154877} = {B3DD8B65-15C5-4B3C-AC29-798B5098C96D}
		{8B80BDC7-3FD0-4008-AB2C-E50F550BDE51} = {B3DD8B65-15C5-4B3C-AC29-798B5098C96D}
		{08BB96ED-D1C7-455C-B056-C879546FC992} = {B3DD8B65-15C5-4B3C-AC29-798B5098C96D}
		{B19B9B5F-FEF5-4620-9869-2B7D8A1DEF44} = {B3DD8B65-15C5-4B3C-AC29-798B5098C96D}
		{38DB46EC-6DC0-4C96-9B57-B0B99B995496} = {B3DD8B65-15C5-4B3C-AC29-798B5098C96D}
		{8BE1DF49-253A-4595-8F34-68D884EA9C17} = {B3DD8B65-15C5-4B3C-AC29-798B5098C96D}
		{FDF15CC9-F797-4EA1-9F68-B8E55C696F34} = {B3DD8B65-15C5-4B3C-AC29-798B5098C96D}
		{B1A88A99-B29A-4C0E-9912-9B21E2DF171C} = {B3DD8B65-15C5-4B3C-AC29-798B5098C96D}
		{BD6A8128-8B6C-4C96-9902-9E5F4544872E} = {B3DD8B65-15C5-4B3C-AC29-798B5098C96D}
	EndGlobalSection
	GlobalSection(ExtensibilityGlobals) = postSolution
		SolutionGuid = {A331E6AB-FB06-42D7-A991-71B0FFF54D3D}
	EndGlobalSection
EndGlobal
